
Microsoft Visual Studio Solution File, Format Version 12.00
# Visual Studio 15
VisualStudioVersion = 15.0.27004.2005
MinimumVisualStudioVersion = 10.0.40219.1
Project("{FAE04EC0-301F-11D3-BF4B-00C04F79EFBC}") = "ContosoUniversity.API", "ContosoUniversity.API\ContosoUniversity.API.csproj", "{D7FEFF7F-F1BF-4A1D-A2D0-DFD78A7252CC}"
EndProject
Project("{FAE04EC0-301F-11D3-BF4B-00C04F79EFBC}") = "ContosoUniversity.Data", "ContosoUniversity.Data\ContosoUniversity.Data.csproj", "{15740710-8694-4372-874C-BF561B670492}"
EndProject
Project("{FAE04EC0-301F-11D3-BF4B-00C04F79EFBC}") = "ContosoUniversity.Model", "ContosoUniversity.Model\ContosoUniversity.Model.csproj", "{EB007B4B-0D63-47FB-BFA6-C75428FDE791}"
EndProject
Global
	GlobalSection(SolutionConfigurationPlatforms) = preSolution
		Debug|Any CPU = Debug|Any CPU
		Release|Any CPU = Release|Any CPU
	EndGlobalSection
	GlobalSection(ProjectConfigurationPlatforms) = postSolution
		{D7FEFF7F-F1BF-4A1D-A2D0-DFD78A7252CC}.Debug|Any CPU.ActiveCfg = Debug|Any CPU
		{D7FEFF7F-F1BF-4A1D-A2D0-DFD78A7252CC}.Debug|Any CPU.Build.0 = Debug|Any CPU
		{D7FEFF7F-F1BF-4A1D-A2D0-DFD78A7252CC}.Release|Any CPU.ActiveCfg = Release|Any CPU
		{D7FEFF7F-F1BF-4A1D-A2D0-DFD78A7252CC}.Release|Any CPU.Build.0 = Release|Any CPU
		{15740710-8694-4372-874C-BF561B670492}.Debug|Any CPU.ActiveCfg = Debug|Any CPU
		{15740710-8694-4372-874C-BF561B670492}.Debug|Any CPU.Build.0 = Debug|Any CPU
		{15740710-8694-4372-874C-BF561B670492}.Release|Any CPU.ActiveCfg = Release|Any CPU
		{15740710-8694-4372-874C-BF561B670492}.Release|Any CPU.Build.0 = Release|Any CPU
		{EB007B4B-0D63-47FB-BFA6-C75428FDE791}.Debug|Any CPU.ActiveCfg = Debug|Any CPU
		{EB007B4B-0D63-47FB-BFA6-C75428FDE791}.Debug|Any CPU.Build.0 = Debug|Any CPU
		{EB007B4B-0D63-47FB-BFA6-C75428FDE791}.Release|Any CPU.ActiveCfg = Release|Any CPU
		{EB007B4B-0D63-47FB-BFA6-C75428FDE791}.Release|Any CPU.Build.0 = Release|Any CPU
	EndGlobalSection
	GlobalSection(SolutionProperties) = preSolution
		HideSolutionNode = FALSE
	EndGlobalSection
	GlobalSection(ExtensibilityGlobals) = postSolution
		SolutionGuid = {E46A48A8-2E7B-46E6-AB76-205610099D09}
	EndGlobalSection
EndGlobal
